
Microsoft Visual Studio Solution File, Format Version 12.00
# Visual Studio Version 17
VisualStudioVersion = 17.2.32616.157
MinimumVisualStudioVersion = 10.0.40219.1
Project("{FAE04EC0-301F-11D3-BF4B-00C04F79EFBC}") = "тренировка calc", "тренировка calc\тренировка calc.csproj", "{788C54A8-A7A1-4A2C-A33E-7F9449C5E427}"
EndProject
Global
	GlobalSection(SolutionConfigurationPlatforms) = preSolution
		Debug|Any CPU = Debug|Any CPU
		Release|Any CPU = Release|Any CPU
	EndGlobalSection
	GlobalSection(ProjectConfigurationPlatforms) = postSolution
		{788C54A8-A7A1-4A2C-A33E-7F9449C5E427}.Debug|Any CPU.ActiveCfg = Debug|Any CPU
		{788C54A8-A7A1-4A2C-A33E-7F9449C5E427}.Debug|Any CPU.Build.0 = Debug|Any CPU
		{788C54A8-A7A1-4A2C-A33E-7F9449C5E427}.Release|Any CPU.ActiveCfg = Release|Any CPU
		{788C54A8-A7A1-4A2C-A33E-7F9449C5E427}.Release|Any CPU.Build.0 = Release|Any CPU
	EndGlobalSection
	GlobalSection(SolutionProperties) = preSolution
		HideSolutionNode = FALSE
	EndGlobalSection
	GlobalSection(ExtensibilityGlobals) = postSolution
		SolutionGuid = {54A06934-D87E-40E4-9157-19DA77875332}
	EndGlobalSection
EndGlobal
