
Microsoft Visual Studio Solution File, Format Version 12.00
# Visual Studio Version 17
VisualStudioVersion = 17.0.32112.339
MinimumVisualStudioVersion = 10.0.40219.1
Project("{FAE04EC0-301F-11D3-BF4B-00C04F79EFBC}") = "lessons подключить ddl DDL создание DDL", "lessons подключить ddl DDL создание DDL\lessons подключить ddl DDL создание DDL.csproj", "{FAC8A385-1A50-43D9-A4BB-0C25E2C0E0DD}"
EndProject
Global
	GlobalSection(SolutionConfigurationPlatforms) = preSolution
		Debug|Any CPU = Debug|Any CPU
		Release|Any CPU = Release|Any CPU
	EndGlobalSection
	GlobalSection(ProjectConfigurationPlatforms) = postSolution
		{FAC8A385-1A50-43D9-A4BB-0C25E2C0E0DD}.Debug|Any CPU.ActiveCfg = Debug|Any CPU
		{FAC8A385-1A50-43D9-A4BB-0C25E2C0E0DD}.Debug|Any CPU.Build.0 = Debug|Any CPU
		{FAC8A385-1A50-43D9-A4BB-0C25E2C0E0DD}.Release|Any CPU.ActiveCfg = Release|Any CPU
		{FAC8A385-1A50-43D9-A4BB-0C25E2C0E0DD}.Release|Any CPU.Build.0 = Release|Any CPU
	EndGlobalSection
	GlobalSection(SolutionProperties) = preSolution
		HideSolutionNode = FALSE
	EndGlobalSection
	GlobalSection(ExtensibilityGlobals) = postSolution
		SolutionGuid = {18715968-3974-48EF-ACF5-E41C6538CD06}
	EndGlobalSection
EndGlobal
