
Microsoft Visual Studio Solution File, Format Version 12.00
# Visual Studio Version 17
VisualStudioVersion = 17.0.32112.339
MinimumVisualStudioVersion = 10.0.40219.1
Project("{FAE04EC0-301F-11D3-BF4B-00C04F79EFBC}") = "выписка из урока конвертер валют", "выписка из урока конвертер валют\выписка из урока конвертер валют.csproj", "{7992623A-4531-418D-B2F5-D73C7E5821F9}"
EndProject
Global
	GlobalSection(SolutionConfigurationPlatforms) = preSolution
		Debug|Any CPU = Debug|Any CPU
		Release|Any CPU = Release|Any CPU
	EndGlobalSection
	GlobalSection(ProjectConfigurationPlatforms) = postSolution
		{7992623A-4531-418D-B2F5-D73C7E5821F9}.Debug|Any CPU.ActiveCfg = Debug|Any CPU
		{7992623A-4531-418D-B2F5-D73C7E5821F9}.Debug|Any CPU.Build.0 = Debug|Any CPU
		{7992623A-4531-418D-B2F5-D73C7E5821F9}.Release|Any CPU.ActiveCfg = Release|Any CPU
		{7992623A-4531-418D-B2F5-D73C7E5821F9}.Release|Any CPU.Build.0 = Release|Any CPU
	EndGlobalSection
	GlobalSection(SolutionProperties) = preSolution
		HideSolutionNode = FALSE
	EndGlobalSection
	GlobalSection(ExtensibilityGlobals) = postSolution
		SolutionGuid = {F8733DFF-BB43-42EC-B7AF-C8A774B37A50}
	EndGlobalSection
EndGlobal
