
Microsoft Visual Studio Solution File, Format Version 12.00
# Visual Studio Version 17
VisualStudioVersion = 17.0.32112.339
MinimumVisualStudioVersion = 10.0.40219.1
Project("{FAE04EC0-301F-11D3-BF4B-00C04F79EFBC}") = "Приоритет арифметических операций", "Приоритет арифметических операций\Приоритет арифметических операций.csproj", "{CC9F310D-D873-46D1-9D46-7160869E8264}"
EndProject
Global
	GlobalSection(SolutionConfigurationPlatforms) = preSolution
		Debug|Any CPU = Debug|Any CPU
		Release|Any CPU = Release|Any CPU
	EndGlobalSection
	GlobalSection(ProjectConfigurationPlatforms) = postSolution
		{CC9F310D-D873-46D1-9D46-7160869E8264}.Debug|Any CPU.ActiveCfg = Debug|Any CPU
		{CC9F310D-D873-46D1-9D46-7160869E8264}.Debug|Any CPU.Build.0 = Debug|Any CPU
		{CC9F310D-D873-46D1-9D46-7160869E8264}.Release|Any CPU.ActiveCfg = Release|Any CPU
		{CC9F310D-D873-46D1-9D46-7160869E8264}.Release|Any CPU.Build.0 = Release|Any CPU
	EndGlobalSection
	GlobalSection(SolutionProperties) = preSolution
		HideSolutionNode = FALSE
	EndGlobalSection
	GlobalSection(ExtensibilityGlobals) = postSolution
		SolutionGuid = {F474939B-8ED2-44FF-971F-D5FF589F0A22}
	EndGlobalSection
EndGlobal
