
Microsoft Visual Studio Solution File, Format Version 12.00
# Visual Studio Version 17
VisualStudioVersion = 17.0.32112.339
MinimumVisualStudioVersion = 10.0.40219.1
Project("{FAE04EC0-301F-11D3-BF4B-00C04F79EFBC}") = "MyLibrary", "USQLCSharpProject1 создание проекта\MyLibrary.csproj", "{B68219CB-85B1-4B3B-B396-2F6995685A5F}"
EndProject
Global
	GlobalSection(SolutionConfigurationPlatforms) = preSolution
		Debug|Any CPU = Debug|Any CPU
		Release|Any CPU = Release|Any CPU
	EndGlobalSection
	GlobalSection(ProjectConfigurationPlatforms) = postSolution
		{B68219CB-85B1-4B3B-B396-2F6995685A5F}.Debug|Any CPU.ActiveCfg = Debug|Any CPU
		{B68219CB-85B1-4B3B-B396-2F6995685A5F}.Debug|Any CPU.Build.0 = Debug|Any CPU
		{B68219CB-85B1-4B3B-B396-2F6995685A5F}.Release|Any CPU.ActiveCfg = Release|Any CPU
		{B68219CB-85B1-4B3B-B396-2F6995685A5F}.Release|Any CPU.Build.0 = Release|Any CPU
	EndGlobalSection
	GlobalSection(SolutionProperties) = preSolution
		HideSolutionNode = FALSE
	EndGlobalSection
	GlobalSection(ExtensibilityGlobals) = postSolution
		SolutionGuid = {3ACCAE1F-8116-4258-B795-02F6F69B8FAB}
	EndGlobalSection
EndGlobal
